
Microsoft Visual Studio Solution File, Format Version 12.00
# Visual Studio Version 16
VisualStudioVersion = 16.0.808.4
MinimumVisualStudioVersion = 10.0.40219.1
Project("{FAE04EC0-301F-11D3-BF4B-00C04F79EFBC}") = "ACM.BL", "ACM.BL\ACM.BL.csproj", "{98BBCF44-7305-4A63-8AD3-271C659ECC55}"
EndProject
Project("{2150E333-8FDC-42A3-9474-1A3956D46DE8}") = "Tests", "Tests", "{4BA7E9DF-9DD5-49C3-BA56-E39566FEEAD7}"
EndProject
Project("{FAE04EC0-301F-11D3-BF4B-00C04F79EFBC}") = "Acme.BLTest", "Acme.BLTest\Acme.BLTest.csproj", "{1474D517-3815-49E6-9049-966571AB9D30}"
EndProject
Project("{FAE04EC0-301F-11D3-BF4B-00C04F79EFBC}") = "Acme.Common", "Acme.Common\Acme.Common.csproj", "{99C38D3A-599F-4A02-B244-3783CEEEDF6F}"
EndProject
Project("{FAE04EC0-301F-11D3-BF4B-00C04F79EFBC}") = "Acme.CommonTestRun", "Acme.CommonTests\Acme.CommonTestRun.csproj", "{D8024528-EB3E-4F2E-A71E-D72C6EC47949}"
EndProject
Project("{FAE04EC0-301F-11D3-BF4B-00C04F79EFBC}") = "Acme.CommonTests", "Acme.CommonTests\Acme.CommonTests.csproj", "{2B9D1A4D-7BE3-4DAE-B64F-D38A2830350C}"
EndProject
Global
	GlobalSection(SolutionConfigurationPlatforms) = preSolution
		Debug|Any CPU = Debug|Any CPU
		Release|Any CPU = Release|Any CPU
	EndGlobalSection
	GlobalSection(ProjectConfigurationPlatforms) = postSolution
		{98BBCF44-7305-4A63-8AD3-271C659ECC55}.Debug|Any CPU.ActiveCfg = Debug|Any CPU
		{98BBCF44-7305-4A63-8AD3-271C659ECC55}.Debug|Any CPU.Build.0 = Debug|Any CPU
		{98BBCF44-7305-4A63-8AD3-271C659ECC55}.Release|Any CPU.ActiveCfg = Release|Any CPU
		{98BBCF44-7305-4A63-8AD3-271C659ECC55}.Release|Any CPU.Build.0 = Release|Any CPU
		{1474D517-3815-49E6-9049-966571AB9D30}.Debug|Any CPU.ActiveCfg = Debug|Any CPU
		{1474D517-3815-49E6-9049-966571AB9D30}.Debug|Any CPU.Build.0 = Debug|Any CPU
		{1474D517-3815-49E6-9049-966571AB9D30}.Release|Any CPU.ActiveCfg = Release|Any CPU
		{1474D517-3815-49E6-9049-966571AB9D30}.Release|Any CPU.Build.0 = Release|Any CPU
		{99C38D3A-599F-4A02-B244-3783CEEEDF6F}.Debug|Any CPU.ActiveCfg = Debug|Any CPU
		{99C38D3A-599F-4A02-B244-3783CEEEDF6F}.Debug|Any CPU.Build.0 = Debug|Any CPU
		{99C38D3A-599F-4A02-B244-3783CEEEDF6F}.Release|Any CPU.ActiveCfg = Release|Any CPU
		{99C38D3A-599F-4A02-B244-3783CEEEDF6F}.Release|Any CPU.Build.0 = Release|Any CPU
		{D8024528-EB3E-4F2E-A71E-D72C6EC47949}.Debug|Any CPU.ActiveCfg = Debug|Any CPU
		{D8024528-EB3E-4F2E-A71E-D72C6EC47949}.Debug|Any CPU.Build.0 = Debug|Any CPU
		{D8024528-EB3E-4F2E-A71E-D72C6EC47949}.Release|Any CPU.ActiveCfg = Release|Any CPU
		{D8024528-EB3E-4F2E-A71E-D72C6EC47949}.Release|Any CPU.Build.0 = Release|Any CPU
		{2B9D1A4D-7BE3-4DAE-B64F-D38A2830350C}.Debug|Any CPU.ActiveCfg = Debug|Any CPU
		{2B9D1A4D-7BE3-4DAE-B64F-D38A2830350C}.Debug|Any CPU.Build.0 = Debug|Any CPU
		{2B9D1A4D-7BE3-4DAE-B64F-D38A2830350C}.Release|Any CPU.ActiveCfg = Release|Any CPU
		{2B9D1A4D-7BE3-4DAE-B64F-D38A2830350C}.Release|Any CPU.Build.0 = Release|Any CPU
	EndGlobalSection
	GlobalSection(SolutionProperties) = preSolution
		HideSolutionNode = FALSE
	EndGlobalSection
	GlobalSection(ExtensibilityGlobals) = postSolution
		SolutionGuid = {6D320234-BB9C-4164-9858-89A753DC90D2}
	EndGlobalSection
	GlobalSection(NestedProjects) = preSolution
		{1474D517-3815-49E6-9049-966571AB9D30} = {4BA7E9DF-9DD5-49C3-BA56-E39566FEEAD7}
		{D8024528-EB3E-4F2E-A71E-D72C6EC47949} = {4BA7E9DF-9DD5-49C3-BA56-E39566FEEAD7}
		{2B9D1A4D-7BE3-4DAE-B64F-D38A2830350C} = {4BA7E9DF-9DD5-49C3-BA56-E39566FEEAD7}
	EndGlobalSection
EndGlobal
